{
  "name": "Sharekey-web",
  "requires": true,
  "lockfileVersion": 1,
  "dependencies": {
    "angular": {
      "version": "1.7.6",
      "resolved": "https://registry.npmjs.org/angular/-/angular-1.7.6.tgz",
      "integrity": "sha512-QELpvuMIe1FTGniAkRz93O6A+di0yu88niDwcdzrSqtUHNtZMgtgFS4f7W/6Gugbuwej8Kyswlmymwdp8iPCWg=="
    },
    "angular-route": {
      "version": "1.7.7",
      "resolved": "https://registry.npmjs.org/angular-route/-/angular-route-1.7.7.tgz",
      "integrity": "sha512-nshsCti751h8GfvYQ2nlTbQnaY/q5zvxLctj78sS5SjB8iRDqNbT1NVNz8B/nDQUudjc7etE7xYaTdM8idzq6g=="
    },
    "bootstrap": {
      "version": "3.3.7",
      "resolved": "https://registry.npmjs.org/bootstrap/-/bootstrap-3.3.7.tgz",
      "integrity": "sha1-WjiTlFSfIzMIdaOxUGVldPip63E="
    }
  }
}
