{
  "name": "Sharekey-web",
  "requires": true,
  "lockfileVersion": 1,
  "dependencies": {
    "angular": {
      "version": "1.7.5",
      "resolved": "https://registry.npmjs.org/angular/-/angular-1.7.5.tgz",
      "integrity": "sha512-760183yxtGzni740IBTieNuWLtPNAoMqvmC0Z62UoU0I3nqk+VJuO3JbQAXOyvo3Oy/ZsdNQwrSTh/B0OQZjNw=="
    },
    "angular-loader": {
      "version": "1.7.5",
      "resolved": "https://registry.npmjs.org/angular-loader/-/angular-loader-1.7.5.tgz",
      "integrity": "sha512-3dDyHc/ySVs/EjKcKOJQ8tppsnp64ZO1lrUD6H8JpKq947lntdE/KF5V2Urv91SaGofRY9VwLibkLTdF32FR5Q=="
    },
    "angular-route": {
      "version": "1.7.5",
      "resolved": "https://registry.npmjs.org/angular-route/-/angular-route-1.7.5.tgz",
      "integrity": "sha512-7KfyEVVOWTI+jTY/j5rUNCIHGRyeCOx7YqZI/Ci3IbDK7GIsy6xH+hS5ai0Xi0sLjzDZ0PUDO4gBn+K0dVtlOg=="
    },
    "html5-boilerplate": {
      "version": "0.0.1",
      "resolved": "https://registry.npmjs.org/html5-boilerplate/-/html5-boilerplate-0.0.1.tgz",
      "integrity": "sha1-wepNw92IPxj6Yj35zLoI0jY3Fu4="
    }
  }
}
